// !$*UTF8*$!
{
	archiveVersion = 1;
	classes = {
	};
	objectVersion = 56;
	objects = {

/* Begin PBXBuildFile section */
		1A83A4BA2B7BDB400098B989 /* DatabaseModels.swift in Sources */ = {isa = PBXBuildFile; fileRef = 1A83A4B92B7BDB400098B989 /* DatabaseModels.swift */; };
		1A83A4BC2B7CE9360098B989 /* StoreTests.swift in Sources */ = {isa = PBXBuildFile; fileRef = 1A83A4BB2B7CE9350098B989 /* StoreTests.swift */; };
		1A83A4BE2B7CF0940098B989 /* ConsumerModels.swift in Sources */ = {isa = PBXBuildFile; fileRef = 1A83A4BD2B7CF0940098B989 /* ConsumerModels.swift */; };
		1A83A4C02B7CF1980098B989 /* Store.swift in Sources */ = {isa = PBXBuildFile; fileRef = 1A83A4BF2B7CF1980098B989 /* Store.swift */; };
		1A83A4C32B7CF8720098B989 /* ChatsViews.swift in Sources */ = {isa = PBXBuildFile; fileRef = 1A83A4C22B7CF8720098B989 /* ChatsViews.swift */; };
		1A83A4C52B7D2DA80098B989 /* ChatsViewModels.swift in Sources */ = {isa = PBXBuildFile; fileRef = 1A83A4C42B7D2DA80098B989 /* ChatsViewModels.swift */; };
		1AB3FB3B2B7B96A500F1F223 /* BlinkChatApp.swift in Sources */ = {isa = PBXBuildFile; fileRef = 1AB3FB3A2B7B96A500F1F223 /* BlinkChatApp.swift */; };
		1AB3FB3D2B7B96A500F1F223 /* ContentView.swift in Sources */ = {isa = PBXBuildFile; fileRef = 1AB3FB3C2B7B96A500F1F223 /* ContentView.swift */; };
		1AB3FB3F2B7B96A800F1F223 /* Assets.xcassets in Resources */ = {isa = PBXBuildFile; fileRef = 1AB3FB3E2B7B96A800F1F223 /* Assets.xcassets */; };
		1AB3FB422B7B96A800F1F223 /* Preview Assets.xcassets in Resources */ = {isa = PBXBuildFile; fileRef = 1AB3FB412B7B96A800F1F223 /* Preview Assets.xcassets */; };
		1AB3FB4C2B7B96A800F1F223 /* ClientTests.swift in Sources */ = {isa = PBXBuildFile; fileRef = 1AB3FB4B2B7B96A800F1F223 /* ClientTests.swift */; };
		1AB3FB652B7B9BED00F1F223 /* test-data.json in Resources */ = {isa = PBXBuildFile; fileRef = 1AB3FB642B7B9BED00F1F223 /* test-data.json */; };
		1AB3FB692B7B9DEF00F1F223 /* Client.swift in Sources */ = {isa = PBXBuildFile; fileRef = 1AB3FB682B7B9DEF00F1F223 /* Client.swift */; };
		1AB3FB6C2B7B9E9D00F1F223 /* ServerModels.swift in Sources */ = {isa = PBXBuildFile; fileRef = 1AB3FB6B2B7B9E9D00F1F223 /* ServerModels.swift */; };
		1AB3FB6F2B7BA4D400F1F223 /* dummy-data.json in Resources */ = {isa = PBXBuildFile; fileRef = 1AB3FB6E2B7BA4D400F1F223 /* dummy-data.json */; };
		1AB3FB712B7BD99300F1F223 /* Database.swift in Sources */ = {isa = PBXBuildFile; fileRef = 1AB3FB702B7BD99300F1F223 /* Database.swift */; };
		1AB3FB742B7BD9E400F1F223 /* Realm in Frameworks */ = {isa = PBXBuildFile; productRef = 1AB3FB732B7BD9E400F1F223 /* Realm */; };
		1AB3FB762B7BD9E400F1F223 /* RealmSwift in Frameworks */ = {isa = PBXBuildFile; productRef = 1AB3FB752B7BD9E400F1F223 /* RealmSwift */; };
/* End PBXBuildFile section */

/* Begin PBXContainerItemProxy section */
		1AB3FB482B7B96A800F1F223 /* PBXContainerItemProxy */ = {
			isa = PBXContainerItemProxy;
			containerPortal = 1AB3FB2F2B7B96A500F1F223 /* Project object */;
			proxyType = 1;
			remoteGlobalIDString = 1AB3FB362B7B96A500F1F223;
			remoteInfo = BlinkChat;
		};
/* End PBXContainerItemProxy section */

/* Begin PBXFileReference section */
		1A83A4B92B7BDB400098B989 /* DatabaseModels.swift */ = {isa = PBXFileReference; lastKnownFileType = sourcecode.swift; path = DatabaseModels.swift; sourceTree = "<group>"; };
		1A83A4BB2B7CE9350098B989 /* StoreTests.swift */ = {isa = PBXFileReference; lastKnownFileType = sourcecode.swift; path = StoreTests.swift; sourceTree = "<group>"; };
		1A83A4BD2B7CF0940098B989 /* ConsumerModels.swift */ = {isa = PBXFileReference; lastKnownFileType = sourcecode.swift; path = ConsumerModels.swift; sourceTree = "<group>"; };
		1A83A4BF2B7CF1980098B989 /* Store.swift */ = {isa = PBXFileReference; lastKnownFileType = sourcecode.swift; path = Store.swift; sourceTree = "<group>"; };
		1A83A4C22B7CF8720098B989 /* ChatsViews.swift */ = {isa = PBXFileReference; lastKnownFileType = sourcecode.swift; path = ChatsViews.swift; sourceTree = "<group>"; };
		1A83A4C42B7D2DA80098B989 /* ChatsViewModels.swift */ = {isa = PBXFileReference; lastKnownFileType = sourcecode.swift; path = ChatsViewModels.swift; sourceTree = "<group>"; };
		1AB3FB372B7B96A500F1F223 /* BlinkChat.app */ = {isa = PBXFileReference; explicitFileType = wrapper.application; includeInIndex = 0; path = BlinkChat.app; sourceTree = BUILT_PRODUCTS_DIR; };
		1AB3FB3A2B7B96A500F1F223 /* BlinkChatApp.swift */ = {isa = PBXFileReference; lastKnownFileType = sourcecode.swift; path = BlinkChatApp.swift; sourceTree = "<group>"; };
		1AB3FB3C2B7B96A500F1F223 /* ContentView.swift */ = {isa = PBXFileReference; lastKnownFileType = sourcecode.swift; path = ContentView.swift; sourceTree = "<group>"; };
		1AB3FB3E2B7B96A800F1F223 /* Assets.xcassets */ = {isa = PBXFileReference; lastKnownFileType = folder.assetcatalog; path = Assets.xcassets; sourceTree = "<group>"; };
		1AB3FB412B7B96A800F1F223 /* Preview Assets.xcassets */ = {isa = PBXFileReference; lastKnownFileType = folder.assetcatalog; path = "Preview Assets.xcassets"; sourceTree = "<group>"; };
		1AB3FB472B7B96A800F1F223 /* BlinkChatTests.xctest */ = {isa = PBXFileReference; explicitFileType = wrapper.cfbundle; includeInIndex = 0; path = BlinkChatTests.xctest; sourceTree = BUILT_PRODUCTS_DIR; };
		1AB3FB4B2B7B96A800F1F223 /* ClientTests.swift */ = {isa = PBXFileReference; lastKnownFileType = sourcecode.swift; path = ClientTests.swift; sourceTree = "<group>"; };
		1AB3FB642B7B9BED00F1F223 /* test-data.json */ = {isa = PBXFileReference; fileEncoding = 4; lastKnownFileType = text.json; path = "test-data.json"; sourceTree = "<group>"; };
		1AB3FB662B7B9C2200F1F223 /* README.md */ = {isa = PBXFileReference; lastKnownFileType = net.daringfireball.markdown; path = README.md; sourceTree = "<group>"; };
		1AB3FB682B7B9DEF00F1F223 /* Client.swift */ = {isa = PBXFileReference; lastKnownFileType = sourcecode.swift; path = Client.swift; sourceTree = "<group>"; };
		1AB3FB6B2B7B9E9D00F1F223 /* ServerModels.swift */ = {isa = PBXFileReference; lastKnownFileType = sourcecode.swift; path = ServerModels.swift; sourceTree = "<group>"; };
		1AB3FB6E2B7BA4D400F1F223 /* dummy-data.json */ = {isa = PBXFileReference; fileEncoding = 4; lastKnownFileType = text.json; path = "dummy-data.json"; sourceTree = "<group>"; };
		1AB3FB702B7BD99300F1F223 /* Database.swift */ = {isa = PBXFileReference; lastKnownFileType = sourcecode.swift; path = Database.swift; sourceTree = "<group>"; };
/* End PBXFileReference section */

/* Begin PBXFrameworksBuildPhase section */
		1AB3FB342B7B96A500F1F223 /* Frameworks */ = {
			isa = PBXFrameworksBuildPhase;
			buildActionMask = 2147483647;
			files = (
				1AB3FB762B7BD9E400F1F223 /* RealmSwift in Frameworks */,
				1AB3FB742B7BD9E400F1F223 /* Realm in Frameworks */,
			);
			runOnlyForDeploymentPostprocessing = 0;
		};
		1AB3FB442B7B96A800F1F223 /* Frameworks */ = {
			isa = PBXFrameworksBuildPhase;
			buildActionMask = 2147483647;
			files = (
			);
			runOnlyForDeploymentPostprocessing = 0;
		};
/* End PBXFrameworksBuildPhase section */

/* Begin PBXGroup section */
		1A83A4C12B7CF85D0098B989 /* Views */ = {
			isa = PBXGroup;
			children = (
				1AB3FB3C2B7B96A500F1F223 /* ContentView.swift */,
				1A83A4C22B7CF8720098B989 /* ChatsViews.swift */,
				1A83A4C42B7D2DA80098B989 /* ChatsViewModels.swift */,
			);
			path = Views;
			sourceTree = "<group>";
		};
		1AB3FB2E2B7B96A500F1F223 = {
			isa = PBXGroup;
			children = (
				1AB3FB392B7B96A500F1F223 /* BlinkChat */,
				1AB3FB4A2B7B96A800F1F223 /* BlinkChatTests */,
				1AB3FB382B7B96A500F1F223 /* Products */,
			);
			sourceTree = "<group>";
		};
		1AB3FB382B7B96A500F1F223 /* Products */ = {
			isa = PBXGroup;
			children = (
				1AB3FB372B7B96A500F1F223 /* BlinkChat.app */,
				1AB3FB472B7B96A800F1F223 /* BlinkChatTests.xctest */,
			);
			name = Products;
			sourceTree = "<group>";
		};
		1AB3FB392B7B96A500F1F223 /* BlinkChat */ = {
			isa = PBXGroup;
			children = (
				1AB3FB6D2B7BA4C700F1F223 /* Resource */,
				1AB3FB6A2B7B9E9600F1F223 /* Model */,
				1AB3FB672B7B9DE300F1F223 /* Service */,
				1AB3FB3A2B7B96A500F1F223 /* BlinkChatApp.swift */,
				1A83A4C12B7CF85D0098B989 /* Views */,
				1AB3FB3E2B7B96A800F1F223 /* Assets.xcassets */,
				1AB3FB402B7B96A800F1F223 /* Preview Content */,
				1AB3FB662B7B9C2200F1F223 /* README.md */,
			);
			path = BlinkChat;
			sourceTree = "<group>";
		};
		1AB3FB402B7B96A800F1F223 /* Preview Content */ = {
			isa = PBXGroup;
			children = (
				1AB3FB412B7B96A800F1F223 /* Preview Assets.xcassets */,
			);
			path = "Preview Content";
			sourceTree = "<group>";
		};
		1AB3FB4A2B7B96A800F1F223 /* BlinkChatTests */ = {
			isa = PBXGroup;
			children = (
				1AB3FB4B2B7B96A800F1F223 /* ClientTests.swift */,
				1AB3FB642B7B9BED00F1F223 /* test-data.json */,
				1A83A4BB2B7CE9350098B989 /* StoreTests.swift */,
			);
			path = BlinkChatTests;
			sourceTree = "<group>";
		};
		1AB3FB672B7B9DE300F1F223 /* Service */ = {
			isa = PBXGroup;
			children = (
				1AB3FB682B7B9DEF00F1F223 /* Client.swift */,
				1AB3FB702B7BD99300F1F223 /* Database.swift */,
				1A83A4BF2B7CF1980098B989 /* Store.swift */,
			);
			path = Service;
			sourceTree = "<group>";
		};
		1AB3FB6A2B7B9E9600F1F223 /* Model */ = {
			isa = PBXGroup;
			children = (
				1AB3FB6B2B7B9E9D00F1F223 /* ServerModels.swift */,
				1A83A4B92B7BDB400098B989 /* DatabaseModels.swift */,
				1A83A4BD2B7CF0940098B989 /* ConsumerModels.swift */,
			);
			path = Model;
			sourceTree = "<group>";
		};
		1AB3FB6D2B7BA4C700F1F223 /* Resource */ = {
			isa = PBXGroup;
			children = (
				1AB3FB6E2B7BA4D400F1F223 /* dummy-data.json */,
			);
			path = Resource;
			sourceTree = "<group>";
		};
/* End PBXGroup section */

/* Begin PBXNativeTarget section */
		1AB3FB362B7B96A500F1F223 /* BlinkChat */ = {
			isa = PBXNativeTarget;
			buildConfigurationList = 1AB3FB5B2B7B96A800F1F223 /* Build configuration list for PBXNativeTarget "BlinkChat" */;
			buildPhases = (
				1AB3FB332B7B96A500F1F223 /* Sources */,
				1AB3FB342B7B96A500F1F223 /* Frameworks */,
				1AB3FB352B7B96A500F1F223 /* Resources */,
			);
			buildRules = (
			);
			dependencies = (
			);
			name = BlinkChat;
			packageProductDependencies = (
				1AB3FB732B7BD9E400F1F223 /* Realm */,
				1AB3FB752B7BD9E400F1F223 /* RealmSwift */,
			);
			productName = BlinkChat;
			productReference = 1AB3FB372B7B96A500F1F223 /* BlinkChat.app */;
			productType = "com.apple.product-type.application";
		};
		1AB3FB462B7B96A800F1F223 /* BlinkChatTests */ = {
			isa = PBXNativeTarget;
			buildConfigurationList = 1AB3FB5E2B7B96A800F1F223 /* Build configuration list for PBXNativeTarget "BlinkChatTests" */;
			buildPhases = (
				1AB3FB432B7B96A800F1F223 /* Sources */,
				1AB3FB442B7B96A800F1F223 /* Frameworks */,
				1AB3FB452B7B96A800F1F223 /* Resources */,
			);
			buildRules = (
			);
			dependencies = (
				1AB3FB492B7B96A800F1F223 /* PBXTargetDependency */,
			);
			name = BlinkChatTests;
			productName = BlinkChatTests;
			productReference = 1AB3FB472B7B96A800F1F223 /* BlinkChatTests.xctest */;
			productType = "com.apple.product-type.bundle.unit-test";
		};
/* End PBXNativeTarget section */

/* Begin PBXProject section */
		1AB3FB2F2B7B96A500F1F223 /* Project object */ = {
			isa = PBXProject;
			attributes = {
				BuildIndependentTargetsInParallel = 1;
				LastSwiftUpdateCheck = 1520;
				LastUpgradeCheck = 1520;
				TargetAttributes = {
					1AB3FB362B7B96A500F1F223 = {
						CreatedOnToolsVersion = 15.2;
					};
					1AB3FB462B7B96A800F1F223 = {
						CreatedOnToolsVersion = 15.2;
						TestTargetID = 1AB3FB362B7B96A500F1F223;
					};
				};
			};
			buildConfigurationList = 1AB3FB322B7B96A500F1F223 /* Build configuration list for PBXProject "BlinkChat" */;
			compatibilityVersion = "Xcode 14.0";
			developmentRegion = en;
			hasScannedForEncodings = 0;
			knownRegions = (
				en,
				Base,
			);
			mainGroup = 1AB3FB2E2B7B96A500F1F223;
			packageReferences = (
				1AB3FB722B7BD9E400F1F223 /* XCRemoteSwiftPackageReference "realm-swift" */,
			);
			productRefGroup = 1AB3FB382B7B96A500F1F223 /* Products */;
			projectDirPath = "";
			projectRoot = "";
			targets = (
				1AB3FB362B7B96A500F1F223 /* BlinkChat */,
				1AB3FB462B7B96A800F1F223 /* BlinkChatTests */,
			);
		};
/* End PBXProject section */

/* Begin PBXResourcesBuildPhase section */
		1AB3FB352B7B96A500F1F223 /* Resources */ = {
			isa = PBXResourcesBuildPhase;
			buildActionMask = 2147483647;
			files = (
				1AB3FB422B7B96A800F1F223 /* Preview Assets.xcassets in Resources */,
				1AB3FB3F2B7B96A800F1F223 /* Assets.xcassets in Resources */,
				1AB3FB6F2B7BA4D400F1F223 /* dummy-data.json in Resources */,
			);
			runOnlyForDeploymentPostprocessing = 0;
		};
		1AB3FB452B7B96A800F1F223 /* Resources */ = {
			isa = PBXResourcesBuildPhase;
			buildActionMask = 2147483647;
			files = (
				1AB3FB652B7B9BED00F1F223 /* test-data.json in Resources */,
			);
			runOnlyForDeploymentPostprocessing = 0;
		};
/* End PBXResourcesBuildPhase section */

/* Begin PBXSourcesBuildPhase section */
		1AB3FB332B7B96A500F1F223 /* Sources */ = {
			isa = PBXSourcesBuildPhase;
			buildActionMask = 2147483647;
			files = (
				1A83A4BA2B7BDB400098B989 /* DatabaseModels.swift in Sources */,
				1AB3FB3D2B7B96A500F1F223 /* ContentView.swift in Sources */,
				1AB3FB6C2B7B9E9D00F1F223 /* ServerModels.swift in Sources */,
				1A83A4C02B7CF1980098B989 /* Store.swift in Sources */,
				1AB3FB3B2B7B96A500F1F223 /* BlinkChatApp.swift in Sources */,
				1AB3FB712B7BD99300F1F223 /* Database.swift in Sources */,
				1A83A4C32B7CF8720098B989 /* ChatsViews.swift in Sources */,
				1A83A4BE2B7CF0940098B989 /* ConsumerModels.swift in Sources */,
				1A83A4C52B7D2DA80098B989 /* ChatsViewModels.swift in Sources */,
				1AB3FB692B7B9DEF00F1F223 /* Client.swift in Sources */,
			);
			runOnlyForDeploymentPostprocessing = 0;
		};
		1AB3FB432B7B96A800F1F223 /* Sources */ = {
			isa = PBXSourcesBuildPhase;
			buildActionMask = 2147483647;
			files = (
				1AB3FB4C2B7B96A800F1F223 /* ClientTests.swift in Sources */,
				1A83A4BC2B7CE9360098B989 /* StoreTests.swift in Sources */,
			);
			runOnlyForDeploymentPostprocessing = 0;
		};
/* End PBXSourcesBuildPhase section */

/* Begin PBXTargetDependency section */
		1AB3FB492B7B96A800F1F223 /* PBXTargetDependency */ = {
			isa = PBXTargetDependency;
			target = 1AB3FB362B7B96A500F1F223 /* BlinkChat */;
			targetProxy = 1AB3FB482B7B96A800F1F223 /* PBXContainerItemProxy */;
		};
/* End PBXTargetDependency section */

/* Begin XCBuildConfiguration section */
		1AB3FB592B7B96A800F1F223 /* Debug */ = {
			isa = XCBuildConfiguration;
			buildSettings = {
				ALWAYS_SEARCH_USER_PATHS = NO;
				ASSETCATALOG_COMPILER_GENERATE_SWIFT_ASSET_SYMBOL_EXTENSIONS = YES;
				CLANG_ANALYZER_NONNULL = YES;
				CLANG_ANALYZER_NUMBER_OBJECT_CONVERSION = YES_AGGRESSIVE;
				CLANG_CXX_LANGUAGE_STANDARD = "gnu++20";
				CLANG_ENABLE_MODULES = YES;
				CLANG_ENABLE_OBJC_ARC = YES;
				CLANG_ENABLE_OBJC_WEAK = YES;
				CLANG_WARN_BLOCK_CAPTURE_AUTORELEASING = YES;
				CLANG_WARN_BOOL_CONVERSION = YES;
				CLANG_WARN_COMMA = YES;
				CLANG_WARN_CONSTANT_CONVERSION = YES;
				CLANG_WARN_DEPRECATED_OBJC_IMPLEMENTATIONS = YES;
				CLANG_WARN_DIRECT_OBJC_ISA_USAGE = YES_ERROR;
				CLANG_WARN_DOCUMENTATION_COMMENTS = YES;
				CLANG_WARN_EMPTY_BODY = YES;
				CLANG_WARN_ENUM_CONVERSION = YES;
				CLANG_WARN_INFINITE_RECURSION = YES;
				CLANG_WARN_INT_CONVERSION = YES;
				CLANG_WARN_NON_LITERAL_NULL_CONVERSION = YES;
				CLANG_WARN_OBJC_IMPLICIT_RETAIN_SELF = YES;
				CLANG_WARN_OBJC_LITERAL_CONVERSION = YES;
				CLANG_WARN_OBJC_ROOT_CLASS = YES_ERROR;
				CLANG_WARN_QUOTED_INCLUDE_IN_FRAMEWORK_HEADER = YES;
				CLANG_WARN_RANGE_LOOP_ANALYSIS = YES;
				CLANG_WARN_STRICT_PROTOTYPES = YES;
				CLANG_WARN_SUSPICIOUS_MOVE = YES;
				CLANG_WARN_UNGUARDED_AVAILABILITY = YES_AGGRESSIVE;
				CLANG_WARN_UNREACHABLE_CODE = YES;
				CLANG_WARN__DUPLICATE_METHOD_MATCH = YES;
				COPY_PHASE_STRIP = NO;
				DEBUG_INFORMATION_FORMAT = dwarf;
				ENABLE_STRICT_OBJC_MSGSEND = YES;
				ENABLE_TESTABILITY = YES;
				ENABLE_USER_SCRIPT_SANDBOXING = YES;
				GCC_C_LANGUAGE_STANDARD = gnu17;
				GCC_DYNAMIC_NO_PIC = NO;
				GCC_NO_COMMON_BLOCKS = YES;
				GCC_OPTIMIZATION_LEVEL = 0;
				GCC_PREPROCESSOR_DEFINITIONS = (
					"DEBUG=1",
					"$(inherited)",
				);
				GCC_WARN_64_TO_32_BIT_CONVERSION = YES;
				GCC_WARN_ABOUT_RETURN_TYPE = YES_ERROR;
				GCC_WARN_UNDECLARED_SELECTOR = YES;
				GCC_WARN_UNINITIALIZED_AUTOS = YES_AGGRESSIVE;
				GCC_WARN_UNUSED_FUNCTION = YES;
				GCC_WARN_UNUSED_VARIABLE = YES;
				IPHONEOS_DEPLOYMENT_TARGET = 17.2;
				LOCALIZATION_PREFERS_STRING_CATALOGS = YES;
				MTL_ENABLE_DEBUG_INFO = INCLUDE_SOURCE;
				MTL_FAST_MATH = YES;
				ONLY_ACTIVE_ARCH = YES;
				SDKROOT = iphoneos;
				SWIFT_ACTIVE_COMPILATION_CONDITIONS = "DEBUG $(inherited)";
				SWIFT_OPTIMIZATION_LEVEL = "-Onone";
			};
			name = Debug;
		};
		1AB3FB5A2B7B96A800F1F223 /* Release */ = {
			isa = XCBuildConfiguration;
			buildSettings = {
				ALWAYS_SEARCH_USER_PATHS = NO;
				ASSETCATALOG_COMPILER_GENERATE_SWIFT_ASSET_SYMBOL_EXTENSIONS = YES;
				CLANG_ANALYZER_NONNULL = YES;
				CLANG_ANALYZER_NUMBER_OBJECT_CONVERSION = YES_AGGRESSIVE;
				CLANG_CXX_LANGUAGE_STANDARD = "gnu++20";
				CLANG_ENABLE_MODULES = YES;
				CLANG_ENABLE_OBJC_ARC = YES;
				CLANG_ENABLE_OBJC_WEAK = YES;
				CLANG_WARN_BLOCK_CAPTURE_AUTORELEASING = YES;
				CLANG_WARN_BOOL_CONVERSION = YES;
				CLANG_WARN_COMMA = YES;
				CLANG_WARN_CONSTANT_CONVERSION = YES;
				CLANG_WARN_DEPRECATED_OBJC_IMPLEMENTATIONS = YES;
				CLANG_WARN_DIRECT_OBJC_ISA_USAGE = YES_ERROR;
				CLANG_WARN_DOCUMENTATION_COMMENTS = YES;
				CLANG_WARN_EMPTY_BODY = YES;
				CLANG_WARN_ENUM_CONVERSION = YES;
				CLANG_WARN_INFINITE_RECURSION = YES;
				CLANG_WARN_INT_CONVERSION = YES;
				CLANG_WARN_NON_LITERAL_NULL_CONVERSION = YES;
				CLANG_WARN_OBJC_IMPLICIT_RETAIN_SELF = YES;
				CLANG_WARN_OBJC_LITERAL_CONVERSION = YES;
				CLANG_WARN_OBJC_ROOT_CLASS = YES_ERROR;
				CLANG_WARN_QUOTED_INCLUDE_IN_FRAMEWORK_HEADER = YES;
				CLANG_WARN_RANGE_LOOP_ANALYSIS = YES;
				CLANG_WARN_STRICT_PROTOTYPES = YES;
				CLANG_WARN_SUSPICIOUS_MOVE = YES;
				CLANG_WARN_UNGUARDED_AVAILABILITY = YES_AGGRESSIVE;
				CLANG_WARN_UNREACHABLE_CODE = YES;
				CLANG_WARN__DUPLICATE_METHOD_MATCH = YES;
				COPY_PHASE_STRIP = NO;
				DEBUG_INFORMATION_FORMAT = "dwarf-with-dsym";
				ENABLE_NS_ASSERTIONS = NO;
				ENABLE_STRICT_OBJC_MSGSEND = YES;
				ENABLE_USER_SCRIPT_SANDBOXING = YES;
				GCC_C_LANGUAGE_STANDARD = gnu17;
				GCC_NO_COMMON_BLOCKS = YES;
				GCC_WARN_64_TO_32_BIT_CONVERSION = YES;
				GCC_WARN_ABOUT_RETURN_TYPE = YES_ERROR;
				GCC_WARN_UNDECLARED_SELECTOR = YES;
				GCC_WARN_UNINITIALIZED_AUTOS = YES_AGGRESSIVE;
				GCC_WARN_UNUSED_FUNCTION = YES;
				GCC_WARN_UNUSED_VARIABLE = YES;
				IPHONEOS_DEPLOYMENT_TARGET = 17.2;
				LOCALIZATION_PREFERS_STRING_CATALOGS = YES;
				MTL_ENABLE_DEBUG_INFO = NO;
				MTL_FAST_MATH = YES;
				SDKROOT = iphoneos;
				SWIFT_COMPILATION_MODE = wholemodule;
				VALIDATE_PRODUCT = YES;
			};
			name = Release;
		};
		1AB3FB5C2B7B96A800F1F223 /* Debug */ = {
			isa = XCBuildConfiguration;
			buildSettings = {
				ASSETCATALOG_COMPILER_APPICON_NAME = AppIcon;
				ASSETCATALOG_COMPILER_GLOBAL_ACCENT_COLOR_NAME = AccentColor;
				CODE_SIGN_STYLE = Automatic;
				CURRENT_PROJECT_VERSION = 1;
				DEVELOPMENT_ASSET_PATHS = "\"BlinkChat/Preview Content\"";
				DEVELOPMENT_TEAM = ZFDEX86BMA;
				ENABLE_PREVIEWS = YES;
				GENERATE_INFOPLIST_FILE = YES;
				INFOPLIST_KEY_UIApplicationSceneManifest_Generation = YES;
				INFOPLIST_KEY_UIApplicationSupportsIndirectInputEvents = YES;
				INFOPLIST_KEY_UILaunchScreen_Generation = YES;
				INFOPLIST_KEY_UISupportedInterfaceOrientations_iPad = "UIInterfaceOrientationPortrait UIInterfaceOrientationPortraitUpsideDown UIInterfaceOrientationLandscapeLeft UIInterfaceOrientationLandscapeRight";
				INFOPLIST_KEY_UISupportedInterfaceOrientations_iPhone = "UIInterfaceOrientationPortrait UIInterfaceOrientationLandscapeLeft UIInterfaceOrientationLandscapeRight";
				LD_RUNPATH_SEARCH_PATHS = (
					"$(inherited)",
					"@executable_path/Frameworks",
				);
				MARKETING_VERSION = 1.0;
				PRODUCT_BUNDLE_IDENTIFIER = co.andbeyond.BlinkChat;
				PRODUCT_NAME = "$(TARGET_NAME)";
				SWIFT_EMIT_LOC_STRINGS = YES;
				SWIFT_VERSION = 5.0;
				TARGETED_DEVICE_FAMILY = "1,2";
			};
			name = Debug;
		};
		1AB3FB5D2B7B96A800F1F223 /* Release */ = {
			isa = XCBuildConfiguration;
			buildSettings = {
				ASSETCATALOG_COMPILER_APPICON_NAME = AppIcon;
				ASSETCATALOG_COMPILER_GLOBAL_ACCENT_COLOR_NAME = AccentColor;
				CODE_SIGN_STYLE = Automatic;
				CURRENT_PROJECT_VERSION = 1;
				DEVELOPMENT_ASSET_PATHS = "\"BlinkChat/Preview Content\"";
				DEVELOPMENT_TEAM = ZFDEX86BMA;
				ENABLE_PREVIEWS = YES;
				GENERATE_INFOPLIST_FILE = YES;
				INFOPLIST_KEY_UIApplicationSceneManifest_Generation = YES;
				INFOPLIST_KEY_UIApplicationSupportsIndirectInputEvents = YES;
				INFOPLIST_KEY_UILaunchScreen_Generation = YES;
				INFOPLIST_KEY_UISupportedInterfaceOrientations_iPad = "UIInterfaceOrientationPortrait UIInterfaceOrientationPortraitUpsideDown UIInterfaceOrientationLandscapeLeft UIInterfaceOrientationLandscapeRight";
				INFOPLIST_KEY_UISupportedInterfaceOrientations_iPhone = "UIInterfaceOrientationPortrait UIInterfaceOrientationLandscapeLeft UIInterfaceOrientationLandscapeRight";
				LD_RUNPATH_SEARCH_PATHS = (
					"$(inherited)",
					"@executable_path/Frameworks",
				);
				MARKETING_VERSION = 1.0;
				PRODUCT_BUNDLE_IDENTIFIER = co.andbeyond.BlinkChat;
				PRODUCT_NAME = "$(TARGET_NAME)";
				SWIFT_EMIT_LOC_STRINGS = YES;
				SWIFT_VERSION = 5.0;
				TARGETED_DEVICE_FAMILY = "1,2";
			};
			name = Release;
		};
		1AB3FB5F2B7B96A800F1F223 /* Debug */ = {
			isa = XCBuildConfiguration;
			buildSettings = {
				ALWAYS_EMBED_SWIFT_STANDARD_LIBRARIES = YES;
				BUNDLE_LOADER = "$(TEST_HOST)";
				CODE_SIGN_STYLE = Automatic;
				CURRENT_PROJECT_VERSION = 1;
				DEVELOPMENT_TEAM = ZFDEX86BMA;
				GENERATE_INFOPLIST_FILE = YES;
				IPHONEOS_DEPLOYMENT_TARGET = 17.2;
				MARKETING_VERSION = 1.0;
				PRODUCT_BUNDLE_IDENTIFIER = co.andbeyond.BlinkChatTests;
				PRODUCT_NAME = "$(TARGET_NAME)";
				SWIFT_EMIT_LOC_STRINGS = NO;
				SWIFT_VERSION = 5.0;
				TARGETED_DEVICE_FAMILY = "1,2";
				TEST_HOST = "$(BUILT_PRODUCTS_DIR)/BlinkChat.app/$(BUNDLE_EXECUTABLE_FOLDER_PATH)/BlinkChat";
			};
			name = Debug;
		};
		1AB3FB602B7B96A800F1F223 /* Release */ = {
			isa = XCBuildConfiguration;
			buildSettings = {
				ALWAYS_EMBED_SWIFT_STANDARD_LIBRARIES = YES;
				BUNDLE_LOADER = "$(TEST_HOST)";
				CODE_SIGN_STYLE = Automatic;
				CURRENT_PROJECT_VERSION = 1;
				DEVELOPMENT_TEAM = ZFDEX86BMA;
				GENERATE_INFOPLIST_FILE = YES;
				IPHONEOS_DEPLOYMENT_TARGET = 17.2;
				MARKETING_VERSION = 1.0;
				PRODUCT_BUNDLE_IDENTIFIER = co.andbeyond.BlinkChatTests;
				PRODUCT_NAME = "$(TARGET_NAME)";
				SWIFT_EMIT_LOC_STRINGS = NO;
				SWIFT_VERSION = 5.0;
				TARGETED_DEVICE_FAMILY = "1,2";
				TEST_HOST = "$(BUILT_PRODUCTS_DIR)/BlinkChat.app/$(BUNDLE_EXECUTABLE_FOLDER_PATH)/BlinkChat";
			};
			name = Release;
		};
/* End XCBuildConfiguration section */

/* Begin XCConfigurationList section */
		1AB3FB322B7B96A500F1F223 /* Build configuration list for PBXProject "BlinkChat" */ = {
			isa = XCConfigurationList;
			buildConfigurations = (
				1AB3FB592B7B96A800F1F223 /* Debug */,
				1AB3FB5A2B7B96A800F1F223 /* Release */,
			);
			defaultConfigurationIsVisible = 0;
			defaultConfigurationName = Release;
		};
		1AB3FB5B2B7B96A800F1F223 /* Build configuration list for PBXNativeTarget "BlinkChat" */ = {
			isa = XCConfigurationList;
			buildConfigurations = (
				1AB3FB5C2B7B96A800F1F223 /* Debug */,
				1AB3FB5D2B7B96A800F1F223 /* Release */,
			);
			defaultConfigurationIsVisible = 0;
			defaultConfigurationName = Release;
		};
		1AB3FB5E2B7B96A800F1F223 /* Build configuration list for PBXNativeTarget "BlinkChatTests" */ = {
			isa = XCConfigurationList;
			buildConfigurations = (
				1AB3FB5F2B7B96A800F1F223 /* Debug */,
				1AB3FB602B7B96A800F1F223 /* Release */,
			);
			defaultConfigurationIsVisible = 0;
			defaultConfigurationName = Release;
		};
/* End XCConfigurationList section */

/* Begin XCRemoteSwiftPackageReference section */
		1AB3FB722B7BD9E400F1F223 /* XCRemoteSwiftPackageReference "realm-swift" */ = {
			isa = XCRemoteSwiftPackageReference;
			repositoryURL = "https://github.com/realm/realm-swift.git";
			requirement = {
				branch = master;
				kind = branch;
			};
		};
/* End XCRemoteSwiftPackageReference section */

/* Begin XCSwiftPackageProductDependency section */
		1AB3FB732B7BD9E400F1F223 /* Realm */ = {
			isa = XCSwiftPackageProductDependency;
			package = 1AB3FB722B7BD9E400F1F223 /* XCRemoteSwiftPackageReference "realm-swift" */;
			productName = Realm;
		};
		1AB3FB752B7BD9E400F1F223 /* RealmSwift */ = {
			isa = XCSwiftPackageProductDependency;
			package = 1AB3FB722B7BD9E400F1F223 /* XCRemoteSwiftPackageReference "realm-swift" */;
			productName = RealmSwift;
		};
/* End XCSwiftPackageProductDependency section */
	};
	rootObject = 1AB3FB2F2B7B96A500F1F223 /* Project object */;
}
